
Microsoft Visual Studio Solution File, Format Version 12.00
# Visual Studio Version 16
VisualStudioVersion = 16.0.28803.452
MinimumVisualStudioVersion = 10.0.40219.1
Project("{FAE04EC0-301F-11D3-BF4B-00C04F79EFBC}") = "WebApplication6", "WebApplication6\WebApplication6.csproj", "{AABB555F-73E0-4908-AB3B-A1CB40F4D07E}"
EndProject
Global
	GlobalSection(SolutionConfigurationPlatforms) = preSolution
		Debug|Any CPU = Debug|Any CPU
		Release|Any CPU = Release|Any CPU
	EndGlobalSection
	GlobalSection(ProjectConfigurationPlatforms) = postSolution
		{AABB555F-73E0-4908-AB3B-A1CB40F4D07E}.Debug|Any CPU.ActiveCfg = Debug|Any CPU
		{AABB555F-73E0-4908-AB3B-A1CB40F4D07E}.Debug|Any CPU.Build.0 = Debug|Any CPU
		{AABB555F-73E0-4908-AB3B-A1CB40F4D07E}.Release|Any CPU.ActiveCfg = Release|Any CPU
		{AABB555F-73E0-4908-AB3B-A1CB40F4D07E}.Release|Any CPU.Build.0 = Release|Any CPU
	EndGlobalSection
	GlobalSection(SolutionProperties) = preSolution
		HideSolutionNode = FALSE
	EndGlobalSection
	GlobalSection(ExtensibilityGlobals) = postSolution
		SolutionGuid = {C92DD166-C933-41C5-A527-91A40ACC198E}
	EndGlobalSection
EndGlobal
